
Microsoft Visual Studio Solution File, Format Version 12.00
# Visual Studio Version 16
VisualStudioVersion = 16.0.32929.386
MinimumVisualStudioVersion = 10.0.40219.1
Project("{8BC9CEB8-8B4A-11D0-8D11-00A0C91BC942}") = "Space_Invader_ASM_ZYN_Version", "Space_Invader_ASM_ZYN_Version.vcxproj", "{41204A49-7406-4FB0-B88D-89E3BF9E921B}"
EndProject
Project("{54435603-DBB4-11D2-8724-00A0C9A8B90C}") = "Setup1", "..\Setup1\Setup1.vdproj", "{6C5EB6EE-5624-4A9E-B207-97DAAC31C6CD}"
EndProject
Global
	GlobalSection(SolutionConfigurationPlatforms) = preSolution
		Debug|x64 = Debug|x64
		Debug|x86 = Debug|x86
		Release|x64 = Release|x64
		Release|x86 = Release|x86
	EndGlobalSection
	GlobalSection(ProjectConfigurationPlatforms) = postSolution
		{41204A49-7406-4FB0-B88D-89E3BF9E921B}.Debug|x64.ActiveCfg = Debug|x64
		{41204A49-7406-4FB0-B88D-89E3BF9E921B}.Debug|x64.Build.0 = Debug|x64
		{41204A49-7406-4FB0-B88D-89E3BF9E921B}.Debug|x86.ActiveCfg = Debug|Win32
		{41204A49-7406-4FB0-B88D-89E3BF9E921B}.Debug|x86.Build.0 = Debug|Win32
		{41204A49-7406-4FB0-B88D-89E3BF9E921B}.Release|x64.ActiveCfg = Release|x64
		{41204A49-7406-4FB0-B88D-89E3BF9E921B}.Release|x64.Build.0 = Release|x64
		{41204A49-7406-4FB0-B88D-89E3BF9E921B}.Release|x86.ActiveCfg = Release|Win32
		{41204A49-7406-4FB0-B88D-89E3BF9E921B}.Release|x86.Build.0 = Release|Win32
		{6C5EB6EE-5624-4A9E-B207-97DAAC31C6CD}.Debug|x64.ActiveCfg = Debug
		{6C5EB6EE-5624-4A9E-B207-97DAAC31C6CD}.Debug|x86.ActiveCfg = Debug
		{6C5EB6EE-5624-4A9E-B207-97DAAC31C6CD}.Release|x64.ActiveCfg = Release
		{6C5EB6EE-5624-4A9E-B207-97DAAC31C6CD}.Release|x86.ActiveCfg = Release
	EndGlobalSection
	GlobalSection(SolutionProperties) = preSolution
		HideSolutionNode = FALSE
	EndGlobalSection
	GlobalSection(ExtensibilityGlobals) = postSolution
		SolutionGuid = {3DF4FE35-B10A-406C-AD41-BF66071D58D1}
	EndGlobalSection
EndGlobal
